
Microsoft Visual Studio Solution File, Format Version 12.00
# Visual Studio Version 18
VisualStudioVersion = 18.0.11205.157
MinimumVisualStudioVersion = 10.0.40219.1
Project("{2150E333-8FDC-42A3-9474-1A3956D46DE8}") = ".github", ".github", "{45324ECC-1D72-45C6-A49C-D0BD91327EA7}"
EndProject
Project("{2150E333-8FDC-42A3-9474-1A3956D46DE8}") = "workflows", "workflows", "{22B15BE9-F62A-43C0-83C6-CD024B76704A}"
	ProjectSection(SolutionItems) = preProject
		.github\workflows\build_10.0.yml = .github\workflows\build_10.0.yml
	EndProjectSection
EndProject
Project("{2150E333-8FDC-42A3-9474-1A3956D46DE8}") = "솔루션 항목", "솔루션 항목", "{B9C65C5D-11E8-41BE-9905-9D4396DFF062}"
	ProjectSection(SolutionItems) = preProject
		.gitignore = .gitignore
		LICENSE.txt = LICENSE.txt
		README.md = README.md
	EndProjectSection
EndProject
Project("{2150E333-8FDC-42A3-9474-1A3956D46DE8}") = "src", "src", "{8FE1BBB7-8572-43D5-9B44-315620026E8F}"
	ProjectSection(SolutionItems) = preProject
		src\RabbitMQProducer.cs = src\RabbitMQProducer.cs
	EndProjectSection
EndProject
Project("{FAE04EC0-301F-11D3-BF4B-00C04F79EFBC}") = "MetaFrm.Service.RabbitMQProducer(net10.0)", "MetaFrm.Service.RabbitMQProducer(net10.0)\MetaFrm.Service.RabbitMQProducer(net10.0).csproj", "{9AD0FF60-45C0-DAAF-E31A-17090E210FBB}"
EndProject
Global
	GlobalSection(SolutionConfigurationPlatforms) = preSolution
		Debug|Any CPU = Debug|Any CPU
		Release|Any CPU = Release|Any CPU
	EndGlobalSection
	GlobalSection(ProjectConfigurationPlatforms) = postSolution
		{9AD0FF60-45C0-DAAF-E31A-17090E210FBB}.Debug|Any CPU.ActiveCfg = Debug|Any CPU
		{9AD0FF60-45C0-DAAF-E31A-17090E210FBB}.Debug|Any CPU.Build.0 = Debug|Any CPU
		{9AD0FF60-45C0-DAAF-E31A-17090E210FBB}.Release|Any CPU.ActiveCfg = Release|Any CPU
		{9AD0FF60-45C0-DAAF-E31A-17090E210FBB}.Release|Any CPU.Build.0 = Release|Any CPU
	EndGlobalSection
	GlobalSection(SolutionProperties) = preSolution
		HideSolutionNode = FALSE
	EndGlobalSection
	GlobalSection(NestedProjects) = preSolution
		{22B15BE9-F62A-43C0-83C6-CD024B76704A} = {45324ECC-1D72-45C6-A49C-D0BD91327EA7}
	EndGlobalSection
	GlobalSection(ExtensibilityGlobals) = postSolution
		SolutionGuid = {C79D84EE-60C2-4831-8642-DF6EEF808AE6}
	EndGlobalSection
EndGlobal
