
Microsoft Visual Studio Solution File, Format Version 12.00
# Visual Studio Version 17
VisualStudioVersion = 17.7.34031.279
MinimumVisualStudioVersion = 10.0.40219.1
Project("{2150E333-8FDC-42A3-9474-1A3956D46DE8}") = ".github", ".github", "{45324ECC-1D72-45C6-A49C-D0BD91327EA7}"
EndProject
Project("{2150E333-8FDC-42A3-9474-1A3956D46DE8}") = "workflows", "workflows", "{22B15BE9-F62A-43C0-83C6-CD024B76704A}"
	ProjectSection(SolutionItems) = preProject
		.github\workflows\build_6.0.yml = .github\workflows\build_6.0.yml
		.github\workflows\build_7.0.yml = .github\workflows\build_7.0.yml
		.github\workflows\build_8.0.yml = .github\workflows\build_8.0.yml
	EndProjectSection
EndProject
Project("{2150E333-8FDC-42A3-9474-1A3956D46DE8}") = "솔루션 항목", "솔루션 항목", "{B9C65C5D-11E8-41BE-9905-9D4396DFF062}"
	ProjectSection(SolutionItems) = preProject
		.gitignore = .gitignore
		LICENSE.txt = LICENSE.txt
		README.md = README.md
	EndProjectSection
EndProject
Project("{2150E333-8FDC-42A3-9474-1A3956D46DE8}") = "src", "src", "{8FE1BBB7-8572-43D5-9B44-315620026E8F}"
	ProjectSection(SolutionItems) = preProject
		src\RabbitMQProducer.cs = src\RabbitMQProducer.cs
	EndProjectSection
EndProject
Project("{9A19103F-16F7-4668-BE54-9A1E7A4F7556}") = "MetaFrm.Service.RabbitMQProducer(net6.0)", "MetaFrm.Service.RabbitMQProducer(net6.0)\MetaFrm.Service.RabbitMQProducer(net6.0).csproj", "{97B41BC8-FC3C-440C-B593-3B1FD702F2F1}"
EndProject
Project("{9A19103F-16F7-4668-BE54-9A1E7A4F7556}") = "MetaFrm.Service.RabbitMQProducer(net7.0)", "MetaFrm.Service.RabbitMQProducer(net7.0)\MetaFrm.Service.RabbitMQProducer(net7.0).csproj", "{D1906DA8-6CFD-415E-8A4A-A9ED9C7A27B0}"
EndProject
Project("{9A19103F-16F7-4668-BE54-9A1E7A4F7556}") = "MetaFrm.Service.RabbitMQProducer(net8.0)", "MetaFrm.Service.RabbitMQProducer(net8.0)\MetaFrm.Service.RabbitMQProducer(net8.0).csproj", "{0BCD1A33-EF9B-4BAE-B36C-6BD3F33C2747}"
EndProject
Global
	GlobalSection(SolutionConfigurationPlatforms) = preSolution
		Debug|Any CPU = Debug|Any CPU
		Release|Any CPU = Release|Any CPU
	EndGlobalSection
	GlobalSection(ProjectConfigurationPlatforms) = postSolution
		{97B41BC8-FC3C-440C-B593-3B1FD702F2F1}.Debug|Any CPU.ActiveCfg = Debug|Any CPU
		{97B41BC8-FC3C-440C-B593-3B1FD702F2F1}.Debug|Any CPU.Build.0 = Debug|Any CPU
		{97B41BC8-FC3C-440C-B593-3B1FD702F2F1}.Release|Any CPU.ActiveCfg = Release|Any CPU
		{97B41BC8-FC3C-440C-B593-3B1FD702F2F1}.Release|Any CPU.Build.0 = Release|Any CPU
		{D1906DA8-6CFD-415E-8A4A-A9ED9C7A27B0}.Debug|Any CPU.ActiveCfg = Debug|Any CPU
		{D1906DA8-6CFD-415E-8A4A-A9ED9C7A27B0}.Debug|Any CPU.Build.0 = Debug|Any CPU
		{D1906DA8-6CFD-415E-8A4A-A9ED9C7A27B0}.Release|Any CPU.ActiveCfg = Release|Any CPU
		{D1906DA8-6CFD-415E-8A4A-A9ED9C7A27B0}.Release|Any CPU.Build.0 = Release|Any CPU
		{0BCD1A33-EF9B-4BAE-B36C-6BD3F33C2747}.Debug|Any CPU.ActiveCfg = Debug|Any CPU
		{0BCD1A33-EF9B-4BAE-B36C-6BD3F33C2747}.Debug|Any CPU.Build.0 = Debug|Any CPU
		{0BCD1A33-EF9B-4BAE-B36C-6BD3F33C2747}.Release|Any CPU.ActiveCfg = Release|Any CPU
		{0BCD1A33-EF9B-4BAE-B36C-6BD3F33C2747}.Release|Any CPU.Build.0 = Release|Any CPU
	EndGlobalSection
	GlobalSection(SolutionProperties) = preSolution
		HideSolutionNode = FALSE
	EndGlobalSection
	GlobalSection(NestedProjects) = preSolution
		{22B15BE9-F62A-43C0-83C6-CD024B76704A} = {45324ECC-1D72-45C6-A49C-D0BD91327EA7}
	EndGlobalSection
	GlobalSection(ExtensibilityGlobals) = postSolution
		SolutionGuid = {C79D84EE-60C2-4831-8642-DF6EEF808AE6}
	EndGlobalSection
EndGlobal
